// !$*UTF8*$!
{
	archiveVersion = 1;
	classes = {
	};
	objectVersion = 50;
	objects = {

/* Begin PBXBuildFile section */
		6318DA5720BFA6F8001E43AA /* AppDelegate.m in Sources */ = {isa = PBXBuildFile; fileRef = 6318DA5620BFA6F8001E43AA /* AppDelegate.m */; };
		6318DA6520BFA6F9001E43AA /* Assets.xcassets in Resources */ = {isa = PBXBuildFile; fileRef = 6318DA6420BFA6F9001E43AA /* Assets.xcassets */; };
		6318DA6820BFA6F9001E43AA /* LaunchScreen.storyboard in Resources */ = {isa = PBXBuildFile; fileRef = 6318DA6620BFA6F9001E43AA /* LaunchScreen.storyboard */; };
		6318DA6B20BFA6F9001E43AA /* main.m in Sources */ = {isa = PBXBuildFile; fileRef = 6318DA6A20BFA6F9001E43AA /* main.m */; };
		6318DA7320BFA7C7001E43AA /* DemoViewController.m in Sources */ = {isa = PBXBuildFile; fileRef = 6318DA7120BFA7C7001E43AA /* DemoViewController.m */; };
		6318DA7D20C4E683001E43AA /* AudioToolbox.framework in Frameworks */ = {isa = PBXBuildFile; fileRef = 6318DA7C20C4E683001E43AA /* AudioToolbox.framework */; };
		6318DA7F20C4E68F001E43AA /* AVFoundation.framework in Frameworks */ = {isa = PBXBuildFile; fileRef = 6318DA7E20C4E68F001E43AA /* AVFoundation.framework */; };
		6318DA8120C4E69C001E43AA /* CoreGraphics.framework in Frameworks */ = {isa = PBXBuildFile; fileRef = 6318DA8020C4E69C001E43AA /* CoreGraphics.framework */; };
		6318DA8320C4E6A7001E43AA /* CoreMedia.framework in Frameworks */ = {isa = PBXBuildFile; fileRef = 6318DA8220C4E6A7001E43AA /* CoreMedia.framework */; };
		6318DA8520C4E6B2001E43AA /* CoreVideo.framework in Frameworks */ = {isa = PBXBuildFile; fileRef = 6318DA8420C4E6B2001E43AA /* CoreVideo.framework */; };
		6318DA8720C4E6C2001E43AA /* libbz2.tbd in Frameworks */ = {isa = PBXBuildFile; fileRef = 6318DA8620C4E6C2001E43AA /* libbz2.tbd */; };
		6318DA8920C4E6CC001E43AA /* libz.tbd in Frameworks */ = {isa = PBXBuildFile; fileRef = 6318DA8820C4E6CB001E43AA /* libz.tbd */; };
		6318DA8B20C4E6D7001E43AA /* MediaPlayer.framework in Frameworks */ = {isa = PBXBuildFile; fileRef = 6318DA8A20C4E6D7001E43AA /* MediaPlayer.framework */; };
		6318DA8D20C4E6E2001E43AA /* MobileCoreServices.framework in Frameworks */ = {isa = PBXBuildFile; fileRef = 6318DA8C20C4E6E2001E43AA /* MobileCoreServices.framework */; };
		6318DA8F20C4E6ED001E43AA /* OpenGLES.framework in Frameworks */ = {isa = PBXBuildFile; fileRef = 6318DA8E20C4E6ED001E43AA /* OpenGLES.framework */; };
		6318DA9120C4E6FA001E43AA /* QuartzCore.framework in Frameworks */ = {isa = PBXBuildFile; fileRef = 6318DA9020C4E6FA001E43AA /* QuartzCore.framework */; };
		6318DA9320C4E709001E43AA /* VideoToolbox.framework in Frameworks */ = {isa = PBXBuildFile; fileRef = 6318DA9220C4E709001E43AA /* VideoToolbox.framework */; };
		6318DA9720C4E96A001E43AA /* libstdc++.tbd in Frameworks */ = {isa = PBXBuildFile; fileRef = 6318DA9620C4E96A001E43AA /* libstdc++.tbd */; };
		6318DA9C20C4EE31001E43AA /* IJKMediaFramework.framework in Frameworks */ = {isa = PBXBuildFile; fileRef = 6318DA9B20C4EE30001E43AA /* IJKMediaFramework.framework */; };
/* End PBXBuildFile section */

/* Begin PBXFileReference section */
		6318DA5220BFA6F8001E43AA /* IJKPlayerDemo.app */ = {isa = PBXFileReference; explicitFileType = wrapper.application; includeInIndex = 0; path = IJKPlayerDemo.app; sourceTree = BUILT_PRODUCTS_DIR; };
		6318DA5520BFA6F8001E43AA /* AppDelegate.h */ = {isa = PBXFileReference; lastKnownFileType = sourcecode.c.h; path = AppDelegate.h; sourceTree = "<group>"; };
		6318DA5620BFA6F8001E43AA /* AppDelegate.m */ = {isa = PBXFileReference; lastKnownFileType = sourcecode.c.objc; path = AppDelegate.m; sourceTree = "<group>"; };
		6318DA6420BFA6F9001E43AA /* Assets.xcassets */ = {isa = PBXFileReference; lastKnownFileType = folder.assetcatalog; path = Assets.xcassets; sourceTree = "<group>"; };
		6318DA6720BFA6F9001E43AA /* Base */ = {isa = PBXFileReference; lastKnownFileType = file.storyboard; name = Base; path = Base.lproj/LaunchScreen.storyboard; sourceTree = "<group>"; };
		6318DA6920BFA6F9001E43AA /* Info.plist */ = {isa = PBXFileReference; lastKnownFileType = text.plist.xml; path = Info.plist; sourceTree = "<group>"; };
		6318DA6A20BFA6F9001E43AA /* main.m */ = {isa = PBXFileReference; lastKnownFileType = sourcecode.c.objc; path = main.m; sourceTree = "<group>"; };
		6318DA7120BFA7C7001E43AA /* DemoViewController.m */ = {isa = PBXFileReference; fileEncoding = 4; lastKnownFileType = sourcecode.c.objc; path = DemoViewController.m; sourceTree = "<group>"; };
		6318DA7220BFA7C7001E43AA /* DemoViewController.h */ = {isa = PBXFileReference; fileEncoding = 4; lastKnownFileType = sourcecode.c.h; path = DemoViewController.h; sourceTree = "<group>"; };
		6318DA7A20C4E1FB001E43AA /* IJKMediaFramework.framework */ = {isa = PBXFileReference; lastKnownFileType = wrapper.framework; name = IJKMediaFramework.framework; path = "../IJKPlayer/Debug-iphonesimulator/IJKMediaFramework.framework"; sourceTree = "<group>"; };
		6318DA7C20C4E683001E43AA /* AudioToolbox.framework */ = {isa = PBXFileReference; lastKnownFileType = wrapper.framework; name = AudioToolbox.framework; path = System/Library/Frameworks/AudioToolbox.framework; sourceTree = SDKROOT; };
		6318DA7E20C4E68F001E43AA /* AVFoundation.framework */ = {isa = PBXFileReference; lastKnownFileType = wrapper.framework; name = AVFoundation.framework; path = System/Library/Frameworks/AVFoundation.framework; sourceTree = SDKROOT; };
		6318DA8020C4E69C001E43AA /* CoreGraphics.framework */ = {isa = PBXFileReference; lastKnownFileType = wrapper.framework; name = CoreGraphics.framework; path = System/Library/Frameworks/CoreGraphics.framework; sourceTree = SDKROOT; };
		6318DA8220C4E6A7001E43AA /* CoreMedia.framework */ = {isa = PBXFileReference; lastKnownFileType = wrapper.framework; name = CoreMedia.framework; path = System/Library/Frameworks/CoreMedia.framework; sourceTree = SDKROOT; };
		6318DA8420C4E6B2001E43AA /* CoreVideo.framework */ = {isa = PBXFileReference; lastKnownFileType = wrapper.framework; name = CoreVideo.framework; path = System/Library/Frameworks/CoreVideo.framework; sourceTree = SDKROOT; };
		6318DA8620C4E6C2001E43AA /* libbz2.tbd */ = {isa = PBXFileReference; lastKnownFileType = "sourcecode.text-based-dylib-definition"; name = libbz2.tbd; path = usr/lib/libbz2.tbd; sourceTree = SDKROOT; };
		6318DA8820C4E6CB001E43AA /* libz.tbd */ = {isa = PBXFileReference; lastKnownFileType = "sourcecode.text-based-dylib-definition"; name = libz.tbd; path = usr/lib/libz.tbd; sourceTree = SDKROOT; };
		6318DA8A20C4E6D7001E43AA /* MediaPlayer.framework */ = {isa = PBXFileReference; lastKnownFileType = wrapper.framework; name = MediaPlayer.framework; path = System/Library/Frameworks/MediaPlayer.framework; sourceTree = SDKROOT; };
		6318DA8C20C4E6E2001E43AA /* MobileCoreServices.framework */ = {isa = PBXFileReference; lastKnownFileType = wrapper.framework; name = MobileCoreServices.framework; path = System/Library/Frameworks/MobileCoreServices.framework; sourceTree = SDKROOT; };
		6318DA8E20C4E6ED001E43AA /* OpenGLES.framework */ = {isa = PBXFileReference; lastKnownFileType = wrapper.framework; name = OpenGLES.framework; path = System/Library/Frameworks/OpenGLES.framework; sourceTree = SDKROOT; };
		6318DA9020C4E6FA001E43AA /* QuartzCore.framework */ = {isa = PBXFileReference; lastKnownFileType = wrapper.framework; name = QuartzCore.framework; path = System/Library/Frameworks/QuartzCore.framework; sourceTree = SDKROOT; };
		6318DA9220C4E709001E43AA /* VideoToolbox.framework */ = {isa = PBXFileReference; lastKnownFileType = wrapper.framework; name = VideoToolbox.framework; path = System/Library/Frameworks/VideoToolbox.framework; sourceTree = SDKROOT; };
		6318DA9620C4E96A001E43AA /* libstdc++.tbd */ = {isa = PBXFileReference; lastKnownFileType = "sourcecode.text-based-dylib-definition"; name = "libstdc++.tbd"; path = "usr/lib/libstdc++.tbd"; sourceTree = SDKROOT; };
		6318DA9920C4EBB2001E43AA /* IJKMediaFramework.framework */ = {isa = PBXFileReference; lastKnownFileType = wrapper.framework; name = IJKMediaFramework.framework; path = "../IJKPlayer/Debug-iphoneos/IJKMediaFramework.framework"; sourceTree = "<group>"; };
		6318DA9B20C4EE30001E43AA /* IJKMediaFramework.framework */ = {isa = PBXFileReference; lastKnownFileType = wrapper.framework; name = IJKMediaFramework.framework; path = "../IJKPlayer/Release-iphonesimulator/IJKMediaFramework.framework"; sourceTree = "<group>"; };
/* End PBXFileReference section */

/* Begin PBXFrameworksBuildPhase section */
		6318DA4F20BFA6F8001E43AA /* Frameworks */ = {
			isa = PBXFrameworksBuildPhase;
			buildActionMask = 2147483647;
			files = (
				6318DA9C20C4EE31001E43AA /* IJKMediaFramework.framework in Frameworks */,
				6318DA9320C4E709001E43AA /* VideoToolbox.framework in Frameworks */,
				6318DA9120C4E6FA001E43AA /* QuartzCore.framework in Frameworks */,
				6318DA8F20C4E6ED001E43AA /* OpenGLES.framework in Frameworks */,
				6318DA8D20C4E6E2001E43AA /* MobileCoreServices.framework in Frameworks */,
				6318DA8B20C4E6D7001E43AA /* MediaPlayer.framework in Frameworks */,
				6318DA9720C4E96A001E43AA /* libstdc++.tbd in Frameworks */,
				6318DA8920C4E6CC001E43AA /* libz.tbd in Frameworks */,
				6318DA8720C4E6C2001E43AA /* libbz2.tbd in Frameworks */,
				6318DA8520C4E6B2001E43AA /* CoreVideo.framework in Frameworks */,
				6318DA8320C4E6A7001E43AA /* CoreMedia.framework in Frameworks */,
				6318DA8120C4E69C001E43AA /* CoreGraphics.framework in Frameworks */,
				6318DA7F20C4E68F001E43AA /* AVFoundation.framework in Frameworks */,
				6318DA7D20C4E683001E43AA /* AudioToolbox.framework in Frameworks */,
			);
			runOnlyForDeploymentPostprocessing = 0;
		};
/* End PBXFrameworksBuildPhase section */

/* Begin PBXGroup section */
		6318DA4920BFA6F8001E43AA = {
			isa = PBXGroup;
			children = (
				6318DA5420BFA6F8001E43AA /* IJKPlayerDemo */,
				6318DA5320BFA6F8001E43AA /* Products */,
				6318DA7420BFAA13001E43AA /* Frameworks */,
			);
			sourceTree = "<group>";
		};
		6318DA5320BFA6F8001E43AA /* Products */ = {
			isa = PBXGroup;
			children = (
				6318DA5220BFA6F8001E43AA /* IJKPlayerDemo.app */,
			);
			name = Products;
			sourceTree = "<group>";
		};
		6318DA5420BFA6F8001E43AA /* IJKPlayerDemo */ = {
			isa = PBXGroup;
			children = (
				6318DA7220BFA7C7001E43AA /* DemoViewController.h */,
				6318DA7120BFA7C7001E43AA /* DemoViewController.m */,
				6318DA5520BFA6F8001E43AA /* AppDelegate.h */,
				6318DA5620BFA6F8001E43AA /* AppDelegate.m */,
				6318DA6420BFA6F9001E43AA /* Assets.xcassets */,
				6318DA6620BFA6F9001E43AA /* LaunchScreen.storyboard */,
				6318DA6920BFA6F9001E43AA /* Info.plist */,
				6318DA6A20BFA6F9001E43AA /* main.m */,
			);
			path = IJKPlayerDemo;
			sourceTree = "<group>";
		};
		6318DA7420BFAA13001E43AA /* Frameworks */ = {
			isa = PBXGroup;
			children = (
				6318DA9920C4EBB2001E43AA /* IJKMediaFramework.framework */,
				6318DA9B20C4EE30001E43AA /* IJKMediaFramework.framework */,
				6318DA9620C4E96A001E43AA /* libstdc++.tbd */,
				6318DA9220C4E709001E43AA /* VideoToolbox.framework */,
				6318DA9020C4E6FA001E43AA /* QuartzCore.framework */,
				6318DA8E20C4E6ED001E43AA /* OpenGLES.framework */,
				6318DA8C20C4E6E2001E43AA /* MobileCoreServices.framework */,
				6318DA8A20C4E6D7001E43AA /* MediaPlayer.framework */,
				6318DA8820C4E6CB001E43AA /* libz.tbd */,
				6318DA8620C4E6C2001E43AA /* libbz2.tbd */,
				6318DA8420C4E6B2001E43AA /* CoreVideo.framework */,
				6318DA8220C4E6A7001E43AA /* CoreMedia.framework */,
				6318DA8020C4E69C001E43AA /* CoreGraphics.framework */,
				6318DA7E20C4E68F001E43AA /* AVFoundation.framework */,
				6318DA7C20C4E683001E43AA /* AudioToolbox.framework */,
				6318DA7A20C4E1FB001E43AA /* IJKMediaFramework.framework */,
			);
			name = Frameworks;
			sourceTree = "<group>";
		};
/* End PBXGroup section */

/* Begin PBXNativeTarget section */
		6318DA5120BFA6F8001E43AA /* IJKPlayerDemo */ = {
			isa = PBXNativeTarget;
			buildConfigurationList = 6318DA6E20BFA6F9001E43AA /* Build configuration list for PBXNativeTarget "IJKPlayerDemo" */;
			buildPhases = (
				6318DA4E20BFA6F8001E43AA /* Sources */,
				6318DA4F20BFA6F8001E43AA /* Frameworks */,
				6318DA5020BFA6F8001E43AA /* Resources */,
			);
			buildRules = (
			);
			dependencies = (
			);
			name = IJKPlayerDemo;
			productName = IJKPlayerDemo;
			productReference = 6318DA5220BFA6F8001E43AA /* IJKPlayerDemo.app */;
			productType = "com.apple.product-type.application";
		};
/* End PBXNativeTarget section */

/* Begin PBXProject section */
		6318DA4A20BFA6F8001E43AA /* Project object */ = {
			isa = PBXProject;
			attributes = {
				LastUpgradeCheck = 0930;
				ORGANIZATIONNAME = JSK;
				TargetAttributes = {
					6318DA5120BFA6F8001E43AA = {
						CreatedOnToolsVersion = 9.3.1;
					};
				};
			};
			buildConfigurationList = 6318DA4D20BFA6F8001E43AA /* Build configuration list for PBXProject "IJKPlayerDemo" */;
			compatibilityVersion = "Xcode 9.3";
			developmentRegion = en;
			hasScannedForEncodings = 0;
			knownRegions = (
				en,
				Base,
			);
			mainGroup = 6318DA4920BFA6F8001E43AA;
			productRefGroup = 6318DA5320BFA6F8001E43AA /* Products */;
			projectDirPath = "";
			projectRoot = "";
			targets = (
				6318DA5120BFA6F8001E43AA /* IJKPlayerDemo */,
			);
		};
/* End PBXProject section */

/* Begin PBXResourcesBuildPhase section */
		6318DA5020BFA6F8001E43AA /* Resources */ = {
			isa = PBXResourcesBuildPhase;
			buildActionMask = 2147483647;
			files = (
				6318DA6820BFA6F9001E43AA /* LaunchScreen.storyboard in Resources */,
				6318DA6520BFA6F9001E43AA /* Assets.xcassets in Resources */,
			);
			runOnlyForDeploymentPostprocessing = 0;
		};
/* End PBXResourcesBuildPhase section */

/* Begin PBXSourcesBuildPhase section */
		6318DA4E20BFA6F8001E43AA /* Sources */ = {
			isa = PBXSourcesBuildPhase;
			buildActionMask = 2147483647;
			files = (
				6318DA7320BFA7C7001E43AA /* DemoViewController.m in Sources */,
				6318DA6B20BFA6F9001E43AA /* main.m in Sources */,
				6318DA5720BFA6F8001E43AA /* AppDelegate.m in Sources */,
			);
			runOnlyForDeploymentPostprocessing = 0;
		};
/* End PBXSourcesBuildPhase section */

/* Begin PBXVariantGroup section */
		6318DA6620BFA6F9001E43AA /* LaunchScreen.storyboard */ = {
			isa = PBXVariantGroup;
			children = (
				6318DA6720BFA6F9001E43AA /* Base */,
			);
			name = LaunchScreen.storyboard;
			sourceTree = "<group>";
		};
/* End PBXVariantGroup section */

/* Begin XCBuildConfiguration section */
		6318DA6C20BFA6F9001E43AA /* Debug */ = {
			isa = XCBuildConfiguration;
			buildSettings = {
				ALWAYS_SEARCH_USER_PATHS = NO;
				CLANG_ANALYZER_NONNULL = YES;
				CLANG_ANALYZER_NUMBER_OBJECT_CONVERSION = YES_AGGRESSIVE;
				CLANG_CXX_LANGUAGE_STANDARD = "gnu++14";
				CLANG_CXX_LIBRARY = "libc++";
				CLANG_ENABLE_MODULES = YES;
				CLANG_ENABLE_OBJC_ARC = YES;
				CLANG_ENABLE_OBJC_WEAK = YES;
				CLANG_WARN_BLOCK_CAPTURE_AUTORELEASING = YES;
				CLANG_WARN_BOOL_CONVERSION = YES;
				CLANG_WARN_COMMA = YES;
				CLANG_WARN_CONSTANT_CONVERSION = YES;
				CLANG_WARN_DEPRECATED_OBJC_IMPLEMENTATIONS = YES;
				CLANG_WARN_DIRECT_OBJC_ISA_USAGE = YES_ERROR;
				CLANG_WARN_DOCUMENTATION_COMMENTS = YES;
				CLANG_WARN_EMPTY_BODY = YES;
				CLANG_WARN_ENUM_CONVERSION = YES;
				CLANG_WARN_INFINITE_RECURSION = YES;
				CLANG_WARN_INT_CONVERSION = YES;
				CLANG_WARN_NON_LITERAL_NULL_CONVERSION = YES;
				CLANG_WARN_OBJC_IMPLICIT_RETAIN_SELF = YES;
				CLANG_WARN_OBJC_LITERAL_CONVERSION = YES;
				CLANG_WARN_OBJC_ROOT_CLASS = YES_ERROR;
				CLANG_WARN_RANGE_LOOP_ANALYSIS = YES;
				CLANG_WARN_STRICT_PROTOTYPES = YES;
				CLANG_WARN_SUSPICIOUS_MOVE = YES;
				CLANG_WARN_UNGUARDED_AVAILABILITY = YES_AGGRESSIVE;
				CLANG_WARN_UNREACHABLE_CODE = YES;
				CLANG_WARN__DUPLICATE_METHOD_MATCH = YES;
				CODE_SIGN_IDENTITY = "iPhone Developer";
				COPY_PHASE_STRIP = NO;
				DEBUG_INFORMATION_FORMAT = dwarf;
				ENABLE_STRICT_OBJC_MSGSEND = YES;
				ENABLE_TESTABILITY = YES;
				GCC_C_LANGUAGE_STANDARD = gnu11;
				GCC_DYNAMIC_NO_PIC = NO;
				GCC_NO_COMMON_BLOCKS = YES;
				GCC_OPTIMIZATION_LEVEL = 0;
				GCC_PREPROCESSOR_DEFINITIONS = (
					"DEBUG=1",
					"$(inherited)",
				);
				GCC_WARN_64_TO_32_BIT_CONVERSION = YES;
				GCC_WARN_ABOUT_RETURN_TYPE = YES_ERROR;
				GCC_WARN_UNDECLARED_SELECTOR = YES;
				GCC_WARN_UNINITIALIZED_AUTOS = YES_AGGRESSIVE;
				GCC_WARN_UNUSED_FUNCTION = YES;
				GCC_WARN_UNUSED_VARIABLE = YES;
				IPHONEOS_DEPLOYMENT_TARGET = 11.3;
				MTL_ENABLE_DEBUG_INFO = YES;
				ONLY_ACTIVE_ARCH = YES;
				SDKROOT = iphoneos;
			};
			name = Debug;
		};
		6318DA6D20BFA6F9001E43AA /* Release */ = {
			isa = XCBuildConfiguration;
			buildSettings = {
				ALWAYS_SEARCH_USER_PATHS = NO;
				CLANG_ANALYZER_NONNULL = YES;
				CLANG_ANALYZER_NUMBER_OBJECT_CONVERSION = YES_AGGRESSIVE;
				CLANG_CXX_LANGUAGE_STANDARD = "gnu++14";
				CLANG_CXX_LIBRARY = "libc++";
				CLANG_ENABLE_MODULES = YES;
				CLANG_ENABLE_OBJC_ARC = YES;
				CLANG_ENABLE_OBJC_WEAK = YES;
				CLANG_WARN_BLOCK_CAPTURE_AUTORELEASING = YES;
				CLANG_WARN_BOOL_CONVERSION = YES;
				CLANG_WARN_COMMA = YES;
				CLANG_WARN_CONSTANT_CONVERSION = YES;
				CLANG_WARN_DEPRECATED_OBJC_IMPLEMENTATIONS = YES;
				CLANG_WARN_DIRECT_OBJC_ISA_USAGE = YES_ERROR;
				CLANG_WARN_DOCUMENTATION_COMMENTS = YES;
				CLANG_WARN_EMPTY_BODY = YES;
				CLANG_WARN_ENUM_CONVERSION = YES;
				CLANG_WARN_INFINITE_RECURSION = YES;
				CLANG_WARN_INT_CONVERSION = YES;
				CLANG_WARN_NON_LITERAL_NULL_CONVERSION = YES;
				CLANG_WARN_OBJC_IMPLICIT_RETAIN_SELF = YES;
				CLANG_WARN_OBJC_LITERAL_CONVERSION = YES;
				CLANG_WARN_OBJC_ROOT_CLASS = YES_ERROR;
				CLANG_WARN_RANGE_LOOP_ANALYSIS = YES;
				CLANG_WARN_STRICT_PROTOTYPES = YES;
				CLANG_WARN_SUSPICIOUS_MOVE = YES;
				CLANG_WARN_UNGUARDED_AVAILABILITY = YES_AGGRESSIVE;
				CLANG_WARN_UNREACHABLE_CODE = YES;
				CLANG_WARN__DUPLICATE_METHOD_MATCH = YES;
				CODE_SIGN_IDENTITY = "iPhone Developer";
				COPY_PHASE_STRIP = NO;
				DEBUG_INFORMATION_FORMAT = "dwarf-with-dsym";
				ENABLE_NS_ASSERTIONS = NO;
				ENABLE_STRICT_OBJC_MSGSEND = YES;
				GCC_C_LANGUAGE_STANDARD = gnu11;
				GCC_NO_COMMON_BLOCKS = YES;
				GCC_WARN_64_TO_32_BIT_CONVERSION = YES;
				GCC_WARN_ABOUT_RETURN_TYPE = YES_ERROR;
				GCC_WARN_UNDECLARED_SELECTOR = YES;
				GCC_WARN_UNINITIALIZED_AUTOS = YES_AGGRESSIVE;
				GCC_WARN_UNUSED_FUNCTION = YES;
				GCC_WARN_UNUSED_VARIABLE = YES;
				IPHONEOS_DEPLOYMENT_TARGET = 11.3;
				MTL_ENABLE_DEBUG_INFO = NO;
				SDKROOT = iphoneos;
				VALIDATE_PRODUCT = YES;
			};
			name = Release;
		};
		6318DA6F20BFA6F9001E43AA /* Debug */ = {
			isa = XCBuildConfiguration;
			buildSettings = {
				ASSETCATALOG_COMPILER_APPICON_NAME = AppIcon;
				CODE_SIGN_STYLE = Automatic;
				DEVELOPMENT_TEAM = E6J3Q59668;
				FRAMEWORK_SEARCH_PATHS = (
					"$(SOURCE_ROOT)/../IJKPlayer/**",
					"$(inherited)",
				);
				HEADER_SEARCH_PATHS = "";
				INFOPLIST_FILE = IJKPlayerDemo/Info.plist;
				IPHONEOS_DEPLOYMENT_TARGET = 8.0;
				LD_RUNPATH_SEARCH_PATHS = (
					"$(inherited)",
					"@executable_path/Frameworks",
				);
				PRODUCT_BUNDLE_IDENTIFIER = com.xspace.IJKPlayerDemo;
				PRODUCT_NAME = "$(TARGET_NAME)";
				TARGETED_DEVICE_FAMILY = 1;
			};
			name = Debug;
		};
		6318DA7020BFA6F9001E43AA /* Release */ = {
			isa = XCBuildConfiguration;
			buildSettings = {
				ASSETCATALOG_COMPILER_APPICON_NAME = AppIcon;
				CODE_SIGN_STYLE = Automatic;
				DEVELOPMENT_TEAM = E6J3Q59668;
				FRAMEWORK_SEARCH_PATHS = (
					"$(SOURCE_ROOT)/../IJKPlayer/**",
					"$(inherited)",
				);
				HEADER_SEARCH_PATHS = "";
				INFOPLIST_FILE = IJKPlayerDemo/Info.plist;
				IPHONEOS_DEPLOYMENT_TARGET = 8.0;
				LD_RUNPATH_SEARCH_PATHS = (
					"$(inherited)",
					"@executable_path/Frameworks",
				);
				PRODUCT_BUNDLE_IDENTIFIER = com.xspace.IJKPlayerDemo;
				PRODUCT_NAME = "$(TARGET_NAME)";
				TARGETED_DEVICE_FAMILY = 1;
			};
			name = Release;
		};
/* End XCBuildConfiguration section */

/* Begin XCConfigurationList section */
		6318DA4D20BFA6F8001E43AA /* Build configuration list for PBXProject "IJKPlayerDemo" */ = {
			isa = XCConfigurationList;
			buildConfigurations = (
				6318DA6C20BFA6F9001E43AA /* Debug */,
				6318DA6D20BFA6F9001E43AA /* Release */,
			);
			defaultConfigurationIsVisible = 0;
			defaultConfigurationName = Release;
		};
		6318DA6E20BFA6F9001E43AA /* Build configuration list for PBXNativeTarget "IJKPlayerDemo" */ = {
			isa = XCConfigurationList;
			buildConfigurations = (
				6318DA6F20BFA6F9001E43AA /* Debug */,
				6318DA7020BFA6F9001E43AA /* Release */,
			);
			defaultConfigurationIsVisible = 0;
			defaultConfigurationName = Release;
		};
/* End XCConfigurationList section */
	};
	rootObject = 6318DA4A20BFA6F8001E43AA /* Project object */;
}
